// !$*UTF8*$!
{
	archiveVersion = 1;
	classes = {
	};
	objectVersion = 48;
	objects = {

/* Begin PBXBuildFile section */
		ACA61A681FD01E0E00BDB7F2 /* AppDelegate.m in Sources */ = {isa = PBXBuildFile; fileRef = ACA61A671FD01E0E00BDB7F2 /* AppDelegate.m */; };
		ACA61A6B1FD01E0E00BDB7F2 /* ViewController.m in Sources */ = {isa = PBXBuildFile; fileRef = ACA61A6A1FD01E0E00BDB7F2 /* ViewController.m */; };
		ACA61A6E1FD01E0E00BDB7F2 /* Main.storyboard in Resources */ = {isa = PBXBuildFile; fileRef = ACA61A6C1FD01E0E00BDB7F2 /* Main.storyboard */; };
		ACA61A701FD01E0E00BDB7F2 /* Assets.xcassets in Resources */ = {isa = PBXBuildFile; fileRef = ACA61A6F1FD01E0E00BDB7F2 /* Assets.xcassets */; };
		ACA61A731FD01E0E00BDB7F2 /* LaunchScreen.storyboard in Resources */ = {isa = PBXBuildFile; fileRef = ACA61A711FD01E0E00BDB7F2 /* LaunchScreen.storyboard */; };
		ACA61A761FD01E0E00BDB7F2 /* main.m in Sources */ = {isa = PBXBuildFile; fileRef = ACA61A751FD01E0E00BDB7F2 /* main.m */; };
		ACA61A801FD01E0E00BDB7F2 /* ExampleTests.m in Sources */ = {isa = PBXBuildFile; fileRef = ACA61A7F1FD01E0E00BDB7F2 /* ExampleTests.m */; };
		ACA61A8B1FD01E0F00BDB7F2 /* ExampleUITests.m in Sources */ = {isa = PBXBuildFile; fileRef = ACA61A8A1FD01E0F00BDB7F2 /* ExampleUITests.m */; };
		ACA61A9B1FD01E4A00BDB7F2 /* ADScreenAdaptation.m in Sources */ = {isa = PBXBuildFile; fileRef = ACA61A9A1FD01E4A00BDB7F2 /* ADScreenAdaptation.m */; };
/* End PBXBuildFile section */

/* Begin PBXContainerItemProxy section */
		ACA61A7C1FD01E0E00BDB7F2 /* PBXContainerItemProxy */ = {
			isa = PBXContainerItemProxy;
			containerPortal = ACA61A5B1FD01E0E00BDB7F2 /* Project object */;
			proxyType = 1;
			remoteGlobalIDString = ACA61A621FD01E0E00BDB7F2;
			remoteInfo = Example;
		};
		ACA61A871FD01E0F00BDB7F2 /* PBXContainerItemProxy */ = {
			isa = PBXContainerItemProxy;
			containerPortal = ACA61A5B1FD01E0E00BDB7F2 /* Project object */;
			proxyType = 1;
			remoteGlobalIDString = ACA61A621FD01E0E00BDB7F2;
			remoteInfo = Example;
		};
/* End PBXContainerItemProxy section */

/* Begin PBXFileReference section */
		ACA61A631FD01E0E00BDB7F2 /* Example.app */ = {isa = PBXFileReference; explicitFileType = wrapper.application; includeInIndex = 0; path = Example.app; sourceTree = BUILT_PRODUCTS_DIR; };
		ACA61A661FD01E0E00BDB7F2 /* AppDelegate.h */ = {isa = PBXFileReference; lastKnownFileType = sourcecode.c.h; path = AppDelegate.h; sourceTree = "<group>"; };
		ACA61A671FD01E0E00BDB7F2 /* AppDelegate.m */ = {isa = PBXFileReference; lastKnownFileType = sourcecode.c.objc; path = AppDelegate.m; sourceTree = "<group>"; };
		ACA61A691FD01E0E00BDB7F2 /* ViewController.h */ = {isa = PBXFileReference; lastKnownFileType = sourcecode.c.h; path = ViewController.h; sourceTree = "<group>"; };
		ACA61A6A1FD01E0E00BDB7F2 /* ViewController.m */ = {isa = PBXFileReference; lastKnownFileType = sourcecode.c.objc; path = ViewController.m; sourceTree = "<group>"; };
		ACA61A6D1FD01E0E00BDB7F2 /* Base */ = {isa = PBXFileReference; lastKnownFileType = file.storyboard; name = Base; path = Base.lproj/Main.storyboard; sourceTree = "<group>"; };
		ACA61A6F1FD01E0E00BDB7F2 /* Assets.xcassets */ = {isa = PBXFileReference; lastKnownFileType = folder.assetcatalog; path = Assets.xcassets; sourceTree = "<group>"; };
		ACA61A721FD01E0E00BDB7F2 /* Base */ = {isa = PBXFileReference; lastKnownFileType = file.storyboard; name = Base; path = Base.lproj/LaunchScreen.storyboard; sourceTree = "<group>"; };
		ACA61A741FD01E0E00BDB7F2 /* Info.plist */ = {isa = PBXFileReference; lastKnownFileType = text.plist.xml; path = Info.plist; sourceTree = "<group>"; };
		ACA61A751FD01E0E00BDB7F2 /* main.m */ = {isa = PBXFileReference; lastKnownFileType = sourcecode.c.objc; path = main.m; sourceTree = "<group>"; };
		ACA61A7B1FD01E0E00BDB7F2 /* ExampleTests.xctest */ = {isa = PBXFileReference; explicitFileType = wrapper.cfbundle; includeInIndex = 0; path = ExampleTests.xctest; sourceTree = BUILT_PRODUCTS_DIR; };
		ACA61A7F1FD01E0E00BDB7F2 /* ExampleTests.m */ = {isa = PBXFileReference; lastKnownFileType = sourcecode.c.objc; path = ExampleTests.m; sourceTree = "<group>"; };
		ACA61A811FD01E0E00BDB7F2 /* Info.plist */ = {isa = PBXFileReference; lastKnownFileType = text.plist.xml; path = Info.plist; sourceTree = "<group>"; };
		ACA61A861FD01E0E00BDB7F2 /* ExampleUITests.xctest */ = {isa = PBXFileReference; explicitFileType = wrapper.cfbundle; includeInIndex = 0; path = ExampleUITests.xctest; sourceTree = BUILT_PRODUCTS_DIR; };
		ACA61A8A1FD01E0F00BDB7F2 /* ExampleUITests.m */ = {isa = PBXFileReference; lastKnownFileType = sourcecode.c.objc; path = ExampleUITests.m; sourceTree = "<group>"; };
		ACA61A8C1FD01E0F00BDB7F2 /* Info.plist */ = {isa = PBXFileReference; lastKnownFileType = text.plist.xml; path = Info.plist; sourceTree = "<group>"; };
		ACA61A991FD01E4A00BDB7F2 /* ADScreenAdaptation.h */ = {isa = PBXFileReference; fileEncoding = 4; lastKnownFileType = sourcecode.c.h; path = ADScreenAdaptation.h; sourceTree = "<group>"; };
		ACA61A9A1FD01E4A00BDB7F2 /* ADScreenAdaptation.m */ = {isa = PBXFileReference; fileEncoding = 4; lastKnownFileType = sourcecode.c.objc; path = ADScreenAdaptation.m; sourceTree = "<group>"; };
/* End PBXFileReference section */

/* Begin PBXFrameworksBuildPhase section */
		ACA61A601FD01E0E00BDB7F2 /* Frameworks */ = {
			isa = PBXFrameworksBuildPhase;
			buildActionMask = 2147483647;
			files = (
			);
			runOnlyForDeploymentPostprocessing = 0;
		};
		ACA61A781FD01E0E00BDB7F2 /* Frameworks */ = {
			isa = PBXFrameworksBuildPhase;
			buildActionMask = 2147483647;
			files = (
			);
			runOnlyForDeploymentPostprocessing = 0;
		};
		ACA61A831FD01E0E00BDB7F2 /* Frameworks */ = {
			isa = PBXFrameworksBuildPhase;
			buildActionMask = 2147483647;
			files = (
			);
			runOnlyForDeploymentPostprocessing = 0;
		};
/* End PBXFrameworksBuildPhase section */

/* Begin PBXGroup section */
		ACA61A5A1FD01E0E00BDB7F2 = {
			isa = PBXGroup;
			children = (
				ACA61A651FD01E0E00BDB7F2 /* Example */,
				ACA61A7E1FD01E0E00BDB7F2 /* ExampleTests */,
				ACA61A891FD01E0F00BDB7F2 /* ExampleUITests */,
				ACA61A641FD01E0E00BDB7F2 /* Products */,
			);
			sourceTree = "<group>";
		};
		ACA61A641FD01E0E00BDB7F2 /* Products */ = {
			isa = PBXGroup;
			children = (
				ACA61A631FD01E0E00BDB7F2 /* Example.app */,
				ACA61A7B1FD01E0E00BDB7F2 /* ExampleTests.xctest */,
				ACA61A861FD01E0E00BDB7F2 /* ExampleUITests.xctest */,
			);
			name = Products;
			sourceTree = "<group>";
		};
		ACA61A651FD01E0E00BDB7F2 /* Example */ = {
			isa = PBXGroup;
			children = (
				ACA61A981FD01E4A00BDB7F2 /* ADScreenAdaptation */,
				ACA61A661FD01E0E00BDB7F2 /* AppDelegate.h */,
				ACA61A671FD01E0E00BDB7F2 /* AppDelegate.m */,
				ACA61A691FD01E0E00BDB7F2 /* ViewController.h */,
				ACA61A6A1FD01E0E00BDB7F2 /* ViewController.m */,
				ACA61A6C1FD01E0E00BDB7F2 /* Main.storyboard */,
				ACA61A6F1FD01E0E00BDB7F2 /* Assets.xcassets */,
				ACA61A711FD01E0E00BDB7F2 /* LaunchScreen.storyboard */,
				ACA61A741FD01E0E00BDB7F2 /* Info.plist */,
				ACA61A751FD01E0E00BDB7F2 /* main.m */,
			);
			path = Example;
			sourceTree = "<group>";
		};
		ACA61A7E1FD01E0E00BDB7F2 /* ExampleTests */ = {
			isa = PBXGroup;
			children = (
				ACA61A7F1FD01E0E00BDB7F2 /* ExampleTests.m */,
				ACA61A811FD01E0E00BDB7F2 /* Info.plist */,
			);
			path = ExampleTests;
			sourceTree = "<group>";
		};
		ACA61A891FD01E0F00BDB7F2 /* ExampleUITests */ = {
			isa = PBXGroup;
			children = (
				ACA61A8A1FD01E0F00BDB7F2 /* ExampleUITests.m */,
				ACA61A8C1FD01E0F00BDB7F2 /* Info.plist */,
			);
			path = ExampleUITests;
			sourceTree = "<group>";
		};
		ACA61A981FD01E4A00BDB7F2 /* ADScreenAdaptation */ = {
			isa = PBXGroup;
			children = (
				ACA61A991FD01E4A00BDB7F2 /* ADScreenAdaptation.h */,
				ACA61A9A1FD01E4A00BDB7F2 /* ADScreenAdaptation.m */,
			);
			path = ADScreenAdaptation;
			sourceTree = "<group>";
		};
/* End PBXGroup section */

/* Begin PBXNativeTarget section */
		ACA61A621FD01E0E00BDB7F2 /* Example */ = {
			isa = PBXNativeTarget;
			buildConfigurationList = ACA61A8F1FD01E0F00BDB7F2 /* Build configuration list for PBXNativeTarget "Example" */;
			buildPhases = (
				ACA61A5F1FD01E0E00BDB7F2 /* Sources */,
				ACA61A601FD01E0E00BDB7F2 /* Frameworks */,
				ACA61A611FD01E0E00BDB7F2 /* Resources */,
			);
			buildRules = (
			);
			dependencies = (
			);
			name = Example;
			productName = Example;
			productReference = ACA61A631FD01E0E00BDB7F2 /* Example.app */;
			productType = "com.apple.product-type.application";
		};
		ACA61A7A1FD01E0E00BDB7F2 /* ExampleTests */ = {
			isa = PBXNativeTarget;
			buildConfigurationList = ACA61A921FD01E0F00BDB7F2 /* Build configuration list for PBXNativeTarget "ExampleTests" */;
			buildPhases = (
				ACA61A771FD01E0E00BDB7F2 /* Sources */,
				ACA61A781FD01E0E00BDB7F2 /* Frameworks */,
				ACA61A791FD01E0E00BDB7F2 /* Resources */,
			);
			buildRules = (
			);
			dependencies = (
				ACA61A7D1FD01E0E00BDB7F2 /* PBXTargetDependency */,
			);
			name = ExampleTests;
			productName = ExampleTests;
			productReference = ACA61A7B1FD01E0E00BDB7F2 /* ExampleTests.xctest */;
			productType = "com.apple.product-type.bundle.unit-test";
		};
		ACA61A851FD01E0E00BDB7F2 /* ExampleUITests */ = {
			isa = PBXNativeTarget;
			buildConfigurationList = ACA61A951FD01E0F00BDB7F2 /* Build configuration list for PBXNativeTarget "ExampleUITests" */;
			buildPhases = (
				ACA61A821FD01E0E00BDB7F2 /* Sources */,
				ACA61A831FD01E0E00BDB7F2 /* Frameworks */,
				ACA61A841FD01E0E00BDB7F2 /* Resources */,
			);
			buildRules = (
			);
			dependencies = (
				ACA61A881FD01E0F00BDB7F2 /* PBXTargetDependency */,
			);
			name = ExampleUITests;
			productName = ExampleUITests;
			productReference = ACA61A861FD01E0E00BDB7F2 /* ExampleUITests.xctest */;
			productType = "com.apple.product-type.bundle.ui-testing";
		};
/* End PBXNativeTarget section */

/* Begin PBXProject section */
		ACA61A5B1FD01E0E00BDB7F2 /* Project object */ = {
			isa = PBXProject;
			attributes = {
				LastUpgradeCheck = 0900;
				ORGANIZATIONNAME = andehang;
				TargetAttributes = {
					ACA61A621FD01E0E00BDB7F2 = {
						CreatedOnToolsVersion = 9.0;
						ProvisioningStyle = Automatic;
					};
					ACA61A7A1FD01E0E00BDB7F2 = {
						CreatedOnToolsVersion = 9.0;
						ProvisioningStyle = Automatic;
						TestTargetID = ACA61A621FD01E0E00BDB7F2;
					};
					ACA61A851FD01E0E00BDB7F2 = {
						CreatedOnToolsVersion = 9.0;
						ProvisioningStyle = Automatic;
						TestTargetID = ACA61A621FD01E0E00BDB7F2;
					};
				};
			};
			buildConfigurationList = ACA61A5E1FD01E0E00BDB7F2 /* Build configuration list for PBXProject "Example" */;
			compatibilityVersion = "Xcode 8.0";
			developmentRegion = en;
			hasScannedForEncodings = 0;
			knownRegions = (
				en,
				Base,
			);
			mainGroup = ACA61A5A1FD01E0E00BDB7F2;
			productRefGroup = ACA61A641FD01E0E00BDB7F2 /* Products */;
			projectDirPath = "";
			projectRoot = "";
			targets = (
				ACA61A621FD01E0E00BDB7F2 /* Example */,
				ACA61A7A1FD01E0E00BDB7F2 /* ExampleTests */,
				ACA61A851FD01E0E00BDB7F2 /* ExampleUITests */,
			);
		};
/* End PBXProject section */

/* Begin PBXResourcesBuildPhase section */
		ACA61A611FD01E0E00BDB7F2 /* Resources */ = {
			isa = PBXResourcesBuildPhase;
			buildActionMask = 2147483647;
			files = (
				ACA61A731FD01E0E00BDB7F2 /* LaunchScreen.storyboard in Resources */,
				ACA61A701FD01E0E00BDB7F2 /* Assets.xcassets in Resources */,
				ACA61A6E1FD01E0E00BDB7F2 /* Main.storyboard in Resources */,
			);
			runOnlyForDeploymentPostprocessing = 0;
		};
		ACA61A791FD01E0E00BDB7F2 /* Resources */ = {
			isa = PBXResourcesBuildPhase;
			buildActionMask = 2147483647;
			files = (
			);
			runOnlyForDeploymentPostprocessing = 0;
		};
		ACA61A841FD01E0E00BDB7F2 /* Resources */ = {
			isa = PBXResourcesBuildPhase;
			buildActionMask = 2147483647;
			files = (
			);
			runOnlyForDeploymentPostprocessing = 0;
		};
/* End PBXResourcesBuildPhase section */

/* Begin PBXSourcesBuildPhase section */
		ACA61A5F1FD01E0E00BDB7F2 /* Sources */ = {
			isa = PBXSourcesBuildPhase;
			buildActionMask = 2147483647;
			files = (
				ACA61A6B1FD01E0E00BDB7F2 /* ViewController.m in Sources */,
				ACA61A9B1FD01E4A00BDB7F2 /* ADScreenAdaptation.m in Sources */,
				ACA61A761FD01E0E00BDB7F2 /* main.m in Sources */,
				ACA61A681FD01E0E00BDB7F2 /* AppDelegate.m in Sources */,
			);
			runOnlyForDeploymentPostprocessing = 0;
		};
		ACA61A771FD01E0E00BDB7F2 /* Sources */ = {
			isa = PBXSourcesBuildPhase;
			buildActionMask = 2147483647;
			files = (
				ACA61A801FD01E0E00BDB7F2 /* ExampleTests.m in Sources */,
			);
			runOnlyForDeploymentPostprocessing = 0;
		};
		ACA61A821FD01E0E00BDB7F2 /* Sources */ = {
			isa = PBXSourcesBuildPhase;
			buildActionMask = 2147483647;
			files = (
				ACA61A8B1FD01E0F00BDB7F2 /* ExampleUITests.m in Sources */,
			);
			runOnlyForDeploymentPostprocessing = 0;
		};
/* End PBXSourcesBuildPhase section */

/* Begin PBXTargetDependency section */
		ACA61A7D1FD01E0E00BDB7F2 /* PBXTargetDependency */ = {
			isa = PBXTargetDependency;
			target = ACA61A621FD01E0E00BDB7F2 /* Example */;
			targetProxy = ACA61A7C1FD01E0E00BDB7F2 /* PBXContainerItemProxy */;
		};
		ACA61A881FD01E0F00BDB7F2 /* PBXTargetDependency */ = {
			isa = PBXTargetDependency;
			target = ACA61A621FD01E0E00BDB7F2 /* Example */;
			targetProxy = ACA61A871FD01E0F00BDB7F2 /* PBXContainerItemProxy */;
		};
/* End PBXTargetDependency section */

/* Begin PBXVariantGroup section */
		ACA61A6C1FD01E0E00BDB7F2 /* Main.storyboard */ = {
			isa = PBXVariantGroup;
			children = (
				ACA61A6D1FD01E0E00BDB7F2 /* Base */,
			);
			name = Main.storyboard;
			sourceTree = "<group>";
		};
		ACA61A711FD01E0E00BDB7F2 /* LaunchScreen.storyboard */ = {
			isa = PBXVariantGroup;
			children = (
				ACA61A721FD01E0E00BDB7F2 /* Base */,
			);
			name = LaunchScreen.storyboard;
			sourceTree = "<group>";
		};
/* End PBXVariantGroup section */

/* Begin XCBuildConfiguration section */
		ACA61A8D1FD01E0F00BDB7F2 /* Debug */ = {
			isa = XCBuildConfiguration;
			buildSettings = {
				ALWAYS_SEARCH_USER_PATHS = NO;
				CLANG_ANALYZER_NONNULL = YES;
				CLANG_ANALYZER_NUMBER_OBJECT_CONVERSION = YES_AGGRESSIVE;
				CLANG_CXX_LANGUAGE_STANDARD = "gnu++14";
				CLANG_CXX_LIBRARY = "libc++";
				CLANG_ENABLE_MODULES = YES;
				CLANG_ENABLE_OBJC_ARC = YES;
				CLANG_WARN_BLOCK_CAPTURE_AUTORELEASING = YES;
				CLANG_WARN_BOOL_CONVERSION = YES;
				CLANG_WARN_COMMA = YES;
				CLANG_WARN_CONSTANT_CONVERSION = YES;
				CLANG_WARN_DIRECT_OBJC_ISA_USAGE = YES_ERROR;
				CLANG_WARN_DOCUMENTATION_COMMENTS = YES;
				CLANG_WARN_EMPTY_BODY = YES;
				CLANG_WARN_ENUM_CONVERSION = YES;
				CLANG_WARN_INFINITE_RECURSION = YES;
				CLANG_WARN_INT_CONVERSION = YES;
				CLANG_WARN_NON_LITERAL_NULL_CONVERSION = YES;
				CLANG_WARN_OBJC_LITERAL_CONVERSION = YES;
				CLANG_WARN_OBJC_ROOT_CLASS = YES_ERROR;
				CLANG_WARN_RANGE_LOOP_ANALYSIS = YES;
				CLANG_WARN_STRICT_PROTOTYPES = YES;
				CLANG_WARN_SUSPICIOUS_MOVE = YES;
				CLANG_WARN_UNGUARDED_AVAILABILITY = YES_AGGRESSIVE;
				CLANG_WARN_UNREACHABLE_CODE = YES;
				CLANG_WARN__DUPLICATE_METHOD_MATCH = YES;
				CODE_SIGN_IDENTITY = "iPhone Developer";
				COPY_PHASE_STRIP = NO;
				DEBUG_INFORMATION_FORMAT = dwarf;
				ENABLE_STRICT_OBJC_MSGSEND = YES;
				ENABLE_TESTABILITY = YES;
				GCC_C_LANGUAGE_STANDARD = gnu11;
				GCC_DYNAMIC_NO_PIC = NO;
				GCC_NO_COMMON_BLOCKS = YES;
				GCC_OPTIMIZATION_LEVEL = 0;
				GCC_PREPROCESSOR_DEFINITIONS = (
					"DEBUG=1",
					"$(inherited)",
				);
				GCC_WARN_64_TO_32_BIT_CONVERSION = YES;
				GCC_WARN_ABOUT_RETURN_TYPE = YES_ERROR;
				GCC_WARN_UNDECLARED_SELECTOR = YES;
				GCC_WARN_UNINITIALIZED_AUTOS = YES_AGGRESSIVE;
				GCC_WARN_UNUSED_FUNCTION = YES;
				GCC_WARN_UNUSED_VARIABLE = YES;
				IPHONEOS_DEPLOYMENT_TARGET = 11.0;
				MTL_ENABLE_DEBUG_INFO = YES;
				ONLY_ACTIVE_ARCH = YES;
				SDKROOT = iphoneos;
			};
			name = Debug;
		};
		ACA61A8E1FD01E0F00BDB7F2 /* Release */ = {
			isa = XCBuildConfiguration;
			buildSettings = {
				ALWAYS_SEARCH_USER_PATHS = NO;
				CLANG_ANALYZER_NONNULL = YES;
				CLANG_ANALYZER_NUMBER_OBJECT_CONVERSION = YES_AGGRESSIVE;
				CLANG_CXX_LANGUAGE_STANDARD = "gnu++14";
				CLANG_CXX_LIBRARY = "libc++";
				CLANG_ENABLE_MODULES = YES;
				CLANG_ENABLE_OBJC_ARC = YES;
				CLANG_WARN_BLOCK_CAPTURE_AUTORELEASING = YES;
				CLANG_WARN_BOOL_CONVERSION = YES;
				CLANG_WARN_COMMA = YES;
				CLANG_WARN_CONSTANT_CONVERSION = YES;
				CLANG_WARN_DIRECT_OBJC_ISA_USAGE = YES_ERROR;
				CLANG_WARN_DOCUMENTATION_COMMENTS = YES;
				CLANG_WARN_EMPTY_BODY = YES;
				CLANG_WARN_ENUM_CONVERSION = YES;
				CLANG_WARN_INFINITE_RECURSION = YES;
				CLANG_WARN_INT_CONVERSION = YES;
				CLANG_WARN_NON_LITERAL_NULL_CONVERSION = YES;
				CLANG_WARN_OBJC_LITERAL_CONVERSION = YES;
				CLANG_WARN_OBJC_ROOT_CLASS = YES_ERROR;
				CLANG_WARN_RANGE_LOOP_ANALYSIS = YES;
				CLANG_WARN_STRICT_PROTOTYPES = YES;
				CLANG_WARN_SUSPICIOUS_MOVE = YES;
				CLANG_WARN_UNGUARDED_AVAILABILITY = YES_AGGRESSIVE;
				CLANG_WARN_UNREACHABLE_CODE = YES;
				CLANG_WARN__DUPLICATE_METHOD_MATCH = YES;
				CODE_SIGN_IDENTITY = "iPhone Developer";
				COPY_PHASE_STRIP = NO;
				DEBUG_INFORMATION_FORMAT = "dwarf-with-dsym";
				ENABLE_NS_ASSERTIONS = NO;
				ENABLE_STRICT_OBJC_MSGSEND = YES;
				GCC_C_LANGUAGE_STANDARD = gnu11;
				GCC_NO_COMMON_BLOCKS = YES;
				GCC_WARN_64_TO_32_BIT_CONVERSION = YES;
				GCC_WARN_ABOUT_RETURN_TYPE = YES_ERROR;
				GCC_WARN_UNDECLARED_SELECTOR = YES;
				GCC_WARN_UNINITIALIZED_AUTOS = YES_AGGRESSIVE;
				GCC_WARN_UNUSED_FUNCTION = YES;
				GCC_WARN_UNUSED_VARIABLE = YES;
				IPHONEOS_DEPLOYMENT_TARGET = 11.0;
				MTL_ENABLE_DEBUG_INFO = NO;
				SDKROOT = iphoneos;
				VALIDATE_PRODUCT = YES;
			};
			name = Release;
		};
		ACA61A901FD01E0F00BDB7F2 /* Debug */ = {
			isa = XCBuildConfiguration;
			buildSettings = {
				ASSETCATALOG_COMPILER_APPICON_NAME = AppIcon;
				CODE_SIGN_STYLE = Automatic;
				INFOPLIST_FILE = Example/Info.plist;
				LD_RUNPATH_SEARCH_PATHS = "$(inherited) @executable_path/Frameworks";
				PRODUCT_BUNDLE_IDENTIFIER = com.jinlinbao.Example;
				PRODUCT_NAME = "$(TARGET_NAME)";
				TARGETED_DEVICE_FAMILY = "1,2";
			};
			name = Debug;
		};
		ACA61A911FD01E0F00BDB7F2 /* Release */ = {
			isa = XCBuildConfiguration;
			buildSettings = {
				ASSETCATALOG_COMPILER_APPICON_NAME = AppIcon;
				CODE_SIGN_STYLE = Automatic;
				INFOPLIST_FILE = Example/Info.plist;
				LD_RUNPATH_SEARCH_PATHS = "$(inherited) @executable_path/Frameworks";
				PRODUCT_BUNDLE_IDENTIFIER = com.jinlinbao.Example;
				PRODUCT_NAME = "$(TARGET_NAME)";
				TARGETED_DEVICE_FAMILY = "1,2";
			};
			name = Release;
		};
		ACA61A931FD01E0F00BDB7F2 /* Debug */ = {
			isa = XCBuildConfiguration;
			buildSettings = {
				BUNDLE_LOADER = "$(TEST_HOST)";
				CODE_SIGN_STYLE = Automatic;
				INFOPLIST_FILE = ExampleTests/Info.plist;
				LD_RUNPATH_SEARCH_PATHS = "$(inherited) @executable_path/Frameworks @loader_path/Frameworks";
				PRODUCT_BUNDLE_IDENTIFIER = com.jinlinbao.ExampleTests;
				PRODUCT_NAME = "$(TARGET_NAME)";
				TARGETED_DEVICE_FAMILY = "1,2";
				TEST_HOST = "$(BUILT_PRODUCTS_DIR)/Example.app/Example";
			};
			name = Debug;
		};
		ACA61A941FD01E0F00BDB7F2 /* Release */ = {
			isa = XCBuildConfiguration;
			buildSettings = {
				BUNDLE_LOADER = "$(TEST_HOST)";
				CODE_SIGN_STYLE = Automatic;
				INFOPLIST_FILE = ExampleTests/Info.plist;
				LD_RUNPATH_SEARCH_PATHS = "$(inherited) @executable_path/Frameworks @loader_path/Frameworks";
				PRODUCT_BUNDLE_IDENTIFIER = com.jinlinbao.ExampleTests;
				PRODUCT_NAME = "$(TARGET_NAME)";
				TARGETED_DEVICE_FAMILY = "1,2";
				TEST_HOST = "$(BUILT_PRODUCTS_DIR)/Example.app/Example";
			};
			name = Release;
		};
		ACA61A961FD01E0F00BDB7F2 /* Debug */ = {
			isa = XCBuildConfiguration;
			buildSettings = {
				CODE_SIGN_STYLE = Automatic;
				INFOPLIST_FILE = ExampleUITests/Info.plist;
				LD_RUNPATH_SEARCH_PATHS = "$(inherited) @executable_path/Frameworks @loader_path/Frameworks";
				PRODUCT_BUNDLE_IDENTIFIER = com.jinlinbao.ExampleUITests;
				PRODUCT_NAME = "$(TARGET_NAME)";
				TARGETED_DEVICE_FAMILY = "1,2";
				TEST_TARGET_NAME = Example;
			};
			name = Debug;
		};
		ACA61A971FD01E0F00BDB7F2 /* Release */ = {
			isa = XCBuildConfiguration;
			buildSettings = {
				CODE_SIGN_STYLE = Automatic;
				INFOPLIST_FILE = ExampleUITests/Info.plist;
				LD_RUNPATH_SEARCH_PATHS = "$(inherited) @executable_path/Frameworks @loader_path/Frameworks";
				PRODUCT_BUNDLE_IDENTIFIER = com.jinlinbao.ExampleUITests;
				PRODUCT_NAME = "$(TARGET_NAME)";
				TARGETED_DEVICE_FAMILY = "1,2";
				TEST_TARGET_NAME = Example;
			};
			name = Release;
		};
/* End XCBuildConfiguration section */

/* Begin XCConfigurationList section */
		ACA61A5E1FD01E0E00BDB7F2 /* Build configuration list for PBXProject "Example" */ = {
			isa = XCConfigurationList;
			buildConfigurations = (
				ACA61A8D1FD01E0F00BDB7F2 /* Debug */,
				ACA61A8E1FD01E0F00BDB7F2 /* Release */,
			);
			defaultConfigurationIsVisible = 0;
			defaultConfigurationName = Release;
		};
		ACA61A8F1FD01E0F00BDB7F2 /* Build configuration list for PBXNativeTarget "Example" */ = {
			isa = XCConfigurationList;
			buildConfigurations = (
				ACA61A901FD01E0F00BDB7F2 /* Debug */,
				ACA61A911FD01E0F00BDB7F2 /* Release */,
			);
			defaultConfigurationIsVisible = 0;
			defaultConfigurationName = Release;
		};
		ACA61A921FD01E0F00BDB7F2 /* Build configuration list for PBXNativeTarget "ExampleTests" */ = {
			isa = XCConfigurationList;
			buildConfigurations = (
				ACA61A931FD01E0F00BDB7F2 /* Debug */,
				ACA61A941FD01E0F00BDB7F2 /* Release */,
			);
			defaultConfigurationIsVisible = 0;
			defaultConfigurationName = Release;
		};
		ACA61A951FD01E0F00BDB7F2 /* Build configuration list for PBXNativeTarget "ExampleUITests" */ = {
			isa = XCConfigurationList;
			buildConfigurations = (
				ACA61A961FD01E0F00BDB7F2 /* Debug */,
				ACA61A971FD01E0F00BDB7F2 /* Release */,
			);
			defaultConfigurationIsVisible = 0;
			defaultConfigurationName = Release;
		};
/* End XCConfigurationList section */
	};
	rootObject = ACA61A5B1FD01E0E00BDB7F2 /* Project object */;
}
